// !$*UTF8*$!
{
	archiveVersion = 1;
	classes = {
	};
	objectVersion = 50;
	objects = {

/* Begin PBXBuildFile section */
		A4A8D154219D7CB9006F4C30 /* AppDelegate.swift in Sources */ = {isa = PBXBuildFile; fileRef = A4A8D153219D7CB9006F4C30 /* AppDelegate.swift */; };
		A4A8D156219D7CB9006F4C30 /* ViewController.swift in Sources */ = {isa = PBXBuildFile; fileRef = A4A8D155219D7CB9006F4C30 /* ViewController.swift */; };
		A4A8D159219D7CB9006F4C30 /* Main.storyboard in Resources */ = {isa = PBXBuildFile; fileRef = A4A8D157219D7CB9006F4C30 /* Main.storyboard */; };
		A4A8D15B219D7CBB006F4C30 /* Assets.xcassets in Resources */ = {isa = PBXBuildFile; fileRef = A4A8D15A219D7CBB006F4C30 /* Assets.xcassets */; };
		A4A8D15E219D7CBB006F4C30 /* LaunchScreen.storyboard in Resources */ = {isa = PBXBuildFile; fileRef = A4A8D15C219D7CBB006F4C30 /* LaunchScreen.storyboard */; };
		A4A8D169219D7CBB006F4C30 /* JSON_parsing_of_heterogeneous_arraysTests.swift in Sources */ = {isa = PBXBuildFile; fileRef = A4A8D168219D7CBB006F4C30 /* JSON_parsing_of_heterogeneous_arraysTests.swift */; };
		A4A8D178219D7D34006F4C30 /* Media.swift in Sources */ = {isa = PBXBuildFile; fileRef = A4A8D177219D7D34006F4C30 /* Media.swift */; };
		A4A8D17A219D7D4E006F4C30 /* Video.swift in Sources */ = {isa = PBXBuildFile; fileRef = A4A8D179219D7D4E006F4C30 /* Video.swift */; };
		A4A8D17C219D7D75006F4C30 /* Image.swift in Sources */ = {isa = PBXBuildFile; fileRef = A4A8D17B219D7D75006F4C30 /* Image.swift */; };
		A4A8D180219D8470006F4C30 /* MediaType.swift in Sources */ = {isa = PBXBuildFile; fileRef = A4A8D17F219D8470006F4C30 /* MediaType.swift */; };
		A4A8D182219D8489006F4C30 /* MediaDecoder.swift in Sources */ = {isa = PBXBuildFile; fileRef = A4A8D181219D8489006F4C30 /* MediaDecoder.swift */; };
/* End PBXBuildFile section */

/* Begin PBXContainerItemProxy section */
		A4A8D165219D7CBB006F4C30 /* PBXContainerItemProxy */ = {
			isa = PBXContainerItemProxy;
			containerPortal = A4A8D148219D7CB9006F4C30 /* Project object */;
			proxyType = 1;
			remoteGlobalIDString = A4A8D14F219D7CB9006F4C30;
			remoteInfo = "JSON parsing of heterogeneous arrays";
		};
/* End PBXContainerItemProxy section */

/* Begin PBXFileReference section */
		A4A8D150219D7CB9006F4C30 /* JSON parsing of heterogeneous arrays.app */ = {isa = PBXFileReference; explicitFileType = wrapper.application; includeInIndex = 0; path = "JSON parsing of heterogeneous arrays.app"; sourceTree = BUILT_PRODUCTS_DIR; };
		A4A8D153219D7CB9006F4C30 /* AppDelegate.swift */ = {isa = PBXFileReference; lastKnownFileType = sourcecode.swift; path = AppDelegate.swift; sourceTree = "<group>"; };
		A4A8D155219D7CB9006F4C30 /* ViewController.swift */ = {isa = PBXFileReference; lastKnownFileType = sourcecode.swift; path = ViewController.swift; sourceTree = "<group>"; };
		A4A8D158219D7CB9006F4C30 /* Base */ = {isa = PBXFileReference; lastKnownFileType = file.storyboard; name = Base; path = Base.lproj/Main.storyboard; sourceTree = "<group>"; };
		A4A8D15A219D7CBB006F4C30 /* Assets.xcassets */ = {isa = PBXFileReference; lastKnownFileType = folder.assetcatalog; path = Assets.xcassets; sourceTree = "<group>"; };
		A4A8D15D219D7CBB006F4C30 /* Base */ = {isa = PBXFileReference; lastKnownFileType = file.storyboard; name = Base; path = Base.lproj/LaunchScreen.storyboard; sourceTree = "<group>"; };
		A4A8D15F219D7CBB006F4C30 /* Info.plist */ = {isa = PBXFileReference; lastKnownFileType = text.plist.xml; path = Info.plist; sourceTree = "<group>"; };
		A4A8D164219D7CBB006F4C30 /* JSON parsing of heterogeneous arraysTests.xctest */ = {isa = PBXFileReference; explicitFileType = wrapper.cfbundle; includeInIndex = 0; path = "JSON parsing of heterogeneous arraysTests.xctest"; sourceTree = BUILT_PRODUCTS_DIR; };
		A4A8D168219D7CBB006F4C30 /* JSON_parsing_of_heterogeneous_arraysTests.swift */ = {isa = PBXFileReference; lastKnownFileType = sourcecode.swift; path = JSON_parsing_of_heterogeneous_arraysTests.swift; sourceTree = "<group>"; };
		A4A8D16A219D7CBB006F4C30 /* Info.plist */ = {isa = PBXFileReference; lastKnownFileType = text.plist.xml; path = Info.plist; sourceTree = "<group>"; };
		A4A8D177219D7D34006F4C30 /* Media.swift */ = {isa = PBXFileReference; lastKnownFileType = sourcecode.swift; path = Media.swift; sourceTree = "<group>"; };
		A4A8D179219D7D4E006F4C30 /* Video.swift */ = {isa = PBXFileReference; lastKnownFileType = sourcecode.swift; path = Video.swift; sourceTree = "<group>"; };
		A4A8D17B219D7D75006F4C30 /* Image.swift */ = {isa = PBXFileReference; lastKnownFileType = sourcecode.swift; path = Image.swift; sourceTree = "<group>"; };
		A4A8D17F219D8470006F4C30 /* MediaType.swift */ = {isa = PBXFileReference; lastKnownFileType = sourcecode.swift; path = MediaType.swift; sourceTree = "<group>"; };
		A4A8D181219D8489006F4C30 /* MediaDecoder.swift */ = {isa = PBXFileReference; lastKnownFileType = sourcecode.swift; path = MediaDecoder.swift; sourceTree = "<group>"; };
/* End PBXFileReference section */

/* Begin PBXFrameworksBuildPhase section */
		A4A8D14D219D7CB9006F4C30 /* Frameworks */ = {
			isa = PBXFrameworksBuildPhase;
			buildActionMask = 2147483647;
			files = (
			);
			runOnlyForDeploymentPostprocessing = 0;
		};
		A4A8D161219D7CBB006F4C30 /* Frameworks */ = {
			isa = PBXFrameworksBuildPhase;
			buildActionMask = 2147483647;
			files = (
			);
			runOnlyForDeploymentPostprocessing = 0;
		};
/* End PBXFrameworksBuildPhase section */

/* Begin PBXGroup section */
		A4A8D147219D7CB9006F4C30 = {
			isa = PBXGroup;
			children = (
				A4A8D152219D7CB9006F4C30 /* JSON parsing of heterogeneous arrays */,
				A4A8D167219D7CBB006F4C30 /* JSON parsing of heterogeneous arraysTests */,
				A4A8D151219D7CB9006F4C30 /* Products */,
			);
			sourceTree = "<group>";
		};
		A4A8D151219D7CB9006F4C30 /* Products */ = {
			isa = PBXGroup;
			children = (
				A4A8D150219D7CB9006F4C30 /* JSON parsing of heterogeneous arrays.app */,
				A4A8D164219D7CBB006F4C30 /* JSON parsing of heterogeneous arraysTests.xctest */,
			);
			name = Products;
			sourceTree = "<group>";
		};
		A4A8D152219D7CB9006F4C30 /* JSON parsing of heterogeneous arrays */ = {
			isa = PBXGroup;
			children = (
				A4A8D173219D7CD6006F4C30 /* Model */,
				A4A8D176219D7CFE006F4C30 /* Resources */,
				A4A8D174219D7CDE006F4C30 /* View Controller */,
				A4A8D175219D7CED006F4C30 /* UI */,
				A4A8D15A219D7CBB006F4C30 /* Assets.xcassets */,
			);
			path = "JSON parsing of heterogeneous arrays";
			sourceTree = "<group>";
		};
		A4A8D167219D7CBB006F4C30 /* JSON parsing of heterogeneous arraysTests */ = {
			isa = PBXGroup;
			children = (
				A4A8D168219D7CBB006F4C30 /* JSON_parsing_of_heterogeneous_arraysTests.swift */,
				A4A8D16A219D7CBB006F4C30 /* Info.plist */,
			);
			path = "JSON parsing of heterogeneous arraysTests";
			sourceTree = "<group>";
		};
		A4A8D173219D7CD6006F4C30 /* Model */ = {
			isa = PBXGroup;
			children = (
				A4A8D17B219D7D75006F4C30 /* Image.swift */,
				A4A8D177219D7D34006F4C30 /* Media.swift */,
				A4A8D181219D8489006F4C30 /* MediaDecoder.swift */,
				A4A8D17F219D8470006F4C30 /* MediaType.swift */,
				A4A8D179219D7D4E006F4C30 /* Video.swift */,
			);
			path = Model;
			sourceTree = "<group>";
		};
		A4A8D174219D7CDE006F4C30 /* View Controller */ = {
			isa = PBXGroup;
			children = (
				A4A8D155219D7CB9006F4C30 /* ViewController.swift */,
			);
			path = "View Controller";
			sourceTree = "<group>";
		};
		A4A8D175219D7CED006F4C30 /* UI */ = {
			isa = PBXGroup;
			children = (
				A4A8D157219D7CB9006F4C30 /* Main.storyboard */,
				A4A8D15C219D7CBB006F4C30 /* LaunchScreen.storyboard */,
			);
			path = UI;
			sourceTree = "<group>";
		};
		A4A8D176219D7CFE006F4C30 /* Resources */ = {
			isa = PBXGroup;
			children = (
				A4A8D153219D7CB9006F4C30 /* AppDelegate.swift */,
				A4A8D15F219D7CBB006F4C30 /* Info.plist */,
			);
			path = Resources;
			sourceTree = "<group>";
		};
/* End PBXGroup section */

/* Begin PBXNativeTarget section */
		A4A8D14F219D7CB9006F4C30 /* JSON parsing of heterogeneous arrays */ = {
			isa = PBXNativeTarget;
			buildConfigurationList = A4A8D16D219D7CBB006F4C30 /* Build configuration list for PBXNativeTarget "JSON parsing of heterogeneous arrays" */;
			buildPhases = (
				A4A8D14C219D7CB9006F4C30 /* Sources */,
				A4A8D14D219D7CB9006F4C30 /* Frameworks */,
				A4A8D14E219D7CB9006F4C30 /* Resources */,
			);
			buildRules = (
			);
			dependencies = (
			);
			name = "JSON parsing of heterogeneous arrays";
			productName = "JSON parsing of heterogeneous arrays";
			productReference = A4A8D150219D7CB9006F4C30 /* JSON parsing of heterogeneous arrays.app */;
			productType = "com.apple.product-type.application";
		};
		A4A8D163219D7CBB006F4C30 /* JSON parsing of heterogeneous arraysTests */ = {
			isa = PBXNativeTarget;
			buildConfigurationList = A4A8D170219D7CBB006F4C30 /* Build configuration list for PBXNativeTarget "JSON parsing of heterogeneous arraysTests" */;
			buildPhases = (
				A4A8D160219D7CBB006F4C30 /* Sources */,
				A4A8D161219D7CBB006F4C30 /* Frameworks */,
				A4A8D162219D7CBB006F4C30 /* Resources */,
			);
			buildRules = (
			);
			dependencies = (
				A4A8D166219D7CBB006F4C30 /* PBXTargetDependency */,
			);
			name = "JSON parsing of heterogeneous arraysTests";
			productName = "JSON parsing of heterogeneous arraysTests";
			productReference = A4A8D164219D7CBB006F4C30 /* JSON parsing of heterogeneous arraysTests.xctest */;
			productType = "com.apple.product-type.bundle.unit-test";
		};
/* End PBXNativeTarget section */

/* Begin PBXProject section */
		A4A8D148219D7CB9006F4C30 /* Project object */ = {
			isa = PBXProject;
			attributes = {
				LastSwiftUpdateCheck = 1010;
				LastUpgradeCheck = 1010;
				ORGANIZATIONNAME = "Inventi Labs";
				TargetAttributes = {
					A4A8D14F219D7CB9006F4C30 = {
						CreatedOnToolsVersion = 10.1;
					};
					A4A8D163219D7CBB006F4C30 = {
						CreatedOnToolsVersion = 10.1;
						TestTargetID = A4A8D14F219D7CB9006F4C30;
					};
				};
			};
			buildConfigurationList = A4A8D14B219D7CB9006F4C30 /* Build configuration list for PBXProject "JSON parsing of heterogeneous arrays" */;
			compatibilityVersion = "Xcode 9.3";
			developmentRegion = en;
			hasScannedForEncodings = 0;
			knownRegions = (
				en,
				Base,
			);
			mainGroup = A4A8D147219D7CB9006F4C30;
			productRefGroup = A4A8D151219D7CB9006F4C30 /* Products */;
			projectDirPath = "";
			projectRoot = "";
			targets = (
				A4A8D14F219D7CB9006F4C30 /* JSON parsing of heterogeneous arrays */,
				A4A8D163219D7CBB006F4C30 /* JSON parsing of heterogeneous arraysTests */,
			);
		};
/* End PBXProject section */

/* Begin PBXResourcesBuildPhase section */
		A4A8D14E219D7CB9006F4C30 /* Resources */ = {
			isa = PBXResourcesBuildPhase;
			buildActionMask = 2147483647;
			files = (
				A4A8D15E219D7CBB006F4C30 /* LaunchScreen.storyboard in Resources */,
				A4A8D15B219D7CBB006F4C30 /* Assets.xcassets in Resources */,
				A4A8D159219D7CB9006F4C30 /* Main.storyboard in Resources */,
			);
			runOnlyForDeploymentPostprocessing = 0;
		};
		A4A8D162219D7CBB006F4C30 /* Resources */ = {
			isa = PBXResourcesBuildPhase;
			buildActionMask = 2147483647;
			files = (
			);
			runOnlyForDeploymentPostprocessing = 0;
		};
/* End PBXResourcesBuildPhase section */

/* Begin PBXSourcesBuildPhase section */
		A4A8D14C219D7CB9006F4C30 /* Sources */ = {
			isa = PBXSourcesBuildPhase;
			buildActionMask = 2147483647;
			files = (
				A4A8D156219D7CB9006F4C30 /* ViewController.swift in Sources */,
				A4A8D17A219D7D4E006F4C30 /* Video.swift in Sources */,
				A4A8D182219D8489006F4C30 /* MediaDecoder.swift in Sources */,
				A4A8D154219D7CB9006F4C30 /* AppDelegate.swift in Sources */,
				A4A8D178219D7D34006F4C30 /* Media.swift in Sources */,
				A4A8D17C219D7D75006F4C30 /* Image.swift in Sources */,
				A4A8D180219D8470006F4C30 /* MediaType.swift in Sources */,
			);
			runOnlyForDeploymentPostprocessing = 0;
		};
		A4A8D160219D7CBB006F4C30 /* Sources */ = {
			isa = PBXSourcesBuildPhase;
			buildActionMask = 2147483647;
			files = (
				A4A8D169219D7CBB006F4C30 /* JSON_parsing_of_heterogeneous_arraysTests.swift in Sources */,
			);
			runOnlyForDeploymentPostprocessing = 0;
		};
/* End PBXSourcesBuildPhase section */

/* Begin PBXTargetDependency section */
		A4A8D166219D7CBB006F4C30 /* PBXTargetDependency */ = {
			isa = PBXTargetDependency;
			target = A4A8D14F219D7CB9006F4C30 /* JSON parsing of heterogeneous arrays */;
			targetProxy = A4A8D165219D7CBB006F4C30 /* PBXContainerItemProxy */;
		};
/* End PBXTargetDependency section */

/* Begin PBXVariantGroup section */
		A4A8D157219D7CB9006F4C30 /* Main.storyboard */ = {
			isa = PBXVariantGroup;
			children = (
				A4A8D158219D7CB9006F4C30 /* Base */,
			);
			name = Main.storyboard;
			sourceTree = "<group>";
		};
		A4A8D15C219D7CBB006F4C30 /* LaunchScreen.storyboard */ = {
			isa = PBXVariantGroup;
			children = (
				A4A8D15D219D7CBB006F4C30 /* Base */,
			);
			name = LaunchScreen.storyboard;
			sourceTree = "<group>";
		};
/* End PBXVariantGroup section */

/* Begin XCBuildConfiguration section */
		A4A8D16B219D7CBB006F4C30 /* Debug */ = {
			isa = XCBuildConfiguration;
			buildSettings = {
				ALWAYS_SEARCH_USER_PATHS = NO;
				CLANG_ANALYZER_NONNULL = YES;
				CLANG_ANALYZER_NUMBER_OBJECT_CONVERSION = YES_AGGRESSIVE;
				CLANG_CXX_LANGUAGE_STANDARD = "gnu++14";
				CLANG_CXX_LIBRARY = "libc++";
				CLANG_ENABLE_MODULES = YES;
				CLANG_ENABLE_OBJC_ARC = YES;
				CLANG_ENABLE_OBJC_WEAK = YES;
				CLANG_WARN_BLOCK_CAPTURE_AUTORELEASING = YES;
				CLANG_WARN_BOOL_CONVERSION = YES;
				CLANG_WARN_COMMA = YES;
				CLANG_WARN_CONSTANT_CONVERSION = YES;
				CLANG_WARN_DEPRECATED_OBJC_IMPLEMENTATIONS = YES;
				CLANG_WARN_DIRECT_OBJC_ISA_USAGE = YES_ERROR;
				CLANG_WARN_DOCUMENTATION_COMMENTS = YES;
				CLANG_WARN_EMPTY_BODY = YES;
				CLANG_WARN_ENUM_CONVERSION = YES;
				CLANG_WARN_INFINITE_RECURSION = YES;
				CLANG_WARN_INT_CONVERSION = YES;
				CLANG_WARN_NON_LITERAL_NULL_CONVERSION = YES;
				CLANG_WARN_OBJC_IMPLICIT_RETAIN_SELF = YES;
				CLANG_WARN_OBJC_LITERAL_CONVERSION = YES;
				CLANG_WARN_OBJC_ROOT_CLASS = YES_ERROR;
				CLANG_WARN_RANGE_LOOP_ANALYSIS = YES;
				CLANG_WARN_STRICT_PROTOTYPES = YES;
				CLANG_WARN_SUSPICIOUS_MOVE = YES;
				CLANG_WARN_UNGUARDED_AVAILABILITY = YES_AGGRESSIVE;
				CLANG_WARN_UNREACHABLE_CODE = YES;
				CLANG_WARN__DUPLICATE_METHOD_MATCH = YES;
				CODE_SIGN_IDENTITY = "iPhone Developer";
				COPY_PHASE_STRIP = NO;
				DEBUG_INFORMATION_FORMAT = dwarf;
				ENABLE_STRICT_OBJC_MSGSEND = YES;
				ENABLE_TESTABILITY = YES;
				GCC_C_LANGUAGE_STANDARD = gnu11;
				GCC_DYNAMIC_NO_PIC = NO;
				GCC_NO_COMMON_BLOCKS = YES;
				GCC_OPTIMIZATION_LEVEL = 0;
				GCC_PREPROCESSOR_DEFINITIONS = (
					"DEBUG=1",
					"$(inherited)",
				);
				GCC_WARN_64_TO_32_BIT_CONVERSION = YES;
				GCC_WARN_ABOUT_RETURN_TYPE = YES_ERROR;
				GCC_WARN_UNDECLARED_SELECTOR = YES;
				GCC_WARN_UNINITIALIZED_AUTOS = YES_AGGRESSIVE;
				GCC_WARN_UNUSED_FUNCTION = YES;
				GCC_WARN_UNUSED_VARIABLE = YES;
				IPHONEOS_DEPLOYMENT_TARGET = 12.1;
				MTL_ENABLE_DEBUG_INFO = INCLUDE_SOURCE;
				MTL_FAST_MATH = YES;
				ONLY_ACTIVE_ARCH = YES;
				SDKROOT = iphoneos;
				SWIFT_ACTIVE_COMPILATION_CONDITIONS = DEBUG;
				SWIFT_OPTIMIZATION_LEVEL = "-Onone";
			};
			name = Debug;
		};
		A4A8D16C219D7CBB006F4C30 /* Release */ = {
			isa = XCBuildConfiguration;
			buildSettings = {
				ALWAYS_SEARCH_USER_PATHS = NO;
				CLANG_ANALYZER_NONNULL = YES;
				CLANG_ANALYZER_NUMBER_OBJECT_CONVERSION = YES_AGGRESSIVE;
				CLANG_CXX_LANGUAGE_STANDARD = "gnu++14";
				CLANG_CXX_LIBRARY = "libc++";
				CLANG_ENABLE_MODULES = YES;
				CLANG_ENABLE_OBJC_ARC = YES;
				CLANG_ENABLE_OBJC_WEAK = YES;
				CLANG_WARN_BLOCK_CAPTURE_AUTORELEASING = YES;
				CLANG_WARN_BOOL_CONVERSION = YES;
				CLANG_WARN_COMMA = YES;
				CLANG_WARN_CONSTANT_CONVERSION = YES;
				CLANG_WARN_DEPRECATED_OBJC_IMPLEMENTATIONS = YES;
				CLANG_WARN_DIRECT_OBJC_ISA_USAGE = YES_ERROR;
				CLANG_WARN_DOCUMENTATION_COMMENTS = YES;
				CLANG_WARN_EMPTY_BODY = YES;
				CLANG_WARN_ENUM_CONVERSION = YES;
				CLANG_WARN_INFINITE_RECURSION = YES;
				CLANG_WARN_INT_CONVERSION = YES;
				CLANG_WARN_NON_LITERAL_NULL_CONVERSION = YES;
				CLANG_WARN_OBJC_IMPLICIT_RETAIN_SELF = YES;
				CLANG_WARN_OBJC_LITERAL_CONVERSION = YES;
				CLANG_WARN_OBJC_ROOT_CLASS = YES_ERROR;
				CLANG_WARN_RANGE_LOOP_ANALYSIS = YES;
				CLANG_WARN_STRICT_PROTOTYPES = YES;
				CLANG_WARN_SUSPICIOUS_MOVE = YES;
				CLANG_WARN_UNGUARDED_AVAILABILITY = YES_AGGRESSIVE;
				CLANG_WARN_UNREACHABLE_CODE = YES;
				CLANG_WARN__DUPLICATE_METHOD_MATCH = YES;
				CODE_SIGN_IDENTITY = "iPhone Developer";
				COPY_PHASE_STRIP = NO;
				DEBUG_INFORMATION_FORMAT = "dwarf-with-dsym";
				ENABLE_NS_ASSERTIONS = NO;
				ENABLE_STRICT_OBJC_MSGSEND = YES;
				GCC_C_LANGUAGE_STANDARD = gnu11;
				GCC_NO_COMMON_BLOCKS = YES;
				GCC_WARN_64_TO_32_BIT_CONVERSION = YES;
				GCC_WARN_ABOUT_RETURN_TYPE = YES_ERROR;
				GCC_WARN_UNDECLARED_SELECTOR = YES;
				GCC_WARN_UNINITIALIZED_AUTOS = YES_AGGRESSIVE;
				GCC_WARN_UNUSED_FUNCTION = YES;
				GCC_WARN_UNUSED_VARIABLE = YES;
				IPHONEOS_DEPLOYMENT_TARGET = 12.1;
				MTL_ENABLE_DEBUG_INFO = NO;
				MTL_FAST_MATH = YES;
				SDKROOT = iphoneos;
				SWIFT_COMPILATION_MODE = wholemodule;
				SWIFT_OPTIMIZATION_LEVEL = "-O";
				VALIDATE_PRODUCT = YES;
			};
			name = Release;
		};
		A4A8D16E219D7CBB006F4C30 /* Debug */ = {
			isa = XCBuildConfiguration;
			buildSettings = {
				ASSETCATALOG_COMPILER_APPICON_NAME = AppIcon;
				CODE_SIGN_STYLE = Manual;
				DEVELOPMENT_TEAM = "";
				INFOPLIST_FILE = "JSON parsing of heterogeneous arrays/Resources/Info.plist";
				LD_RUNPATH_SEARCH_PATHS = (
					"$(inherited)",
					"@executable_path/Frameworks",
				);
				PRODUCT_BUNDLE_IDENTIFIER = "ilabs.JSON-parsing-of-heterogeneous-arrays";
				PRODUCT_NAME = "$(TARGET_NAME)";
				PROVISIONING_PROFILE_SPECIFIER = "";
				SWIFT_VERSION = 4.2;
				TARGETED_DEVICE_FAMILY = "1,2";
			};
			name = Debug;
		};
		A4A8D16F219D7CBB006F4C30 /* Release */ = {
			isa = XCBuildConfiguration;
			buildSettings = {
				ASSETCATALOG_COMPILER_APPICON_NAME = AppIcon;
				CODE_SIGN_STYLE = Manual;
				DEVELOPMENT_TEAM = "";
				INFOPLIST_FILE = "JSON parsing of heterogeneous arrays/Resources/Info.plist";
				LD_RUNPATH_SEARCH_PATHS = (
					"$(inherited)",
					"@executable_path/Frameworks",
				);
				PRODUCT_BUNDLE_IDENTIFIER = "ilabs.JSON-parsing-of-heterogeneous-arrays";
				PRODUCT_NAME = "$(TARGET_NAME)";
				PROVISIONING_PROFILE_SPECIFIER = "";
				SWIFT_VERSION = 4.2;
				TARGETED_DEVICE_FAMILY = "1,2";
			};
			name = Release;
		};
		A4A8D171219D7CBB006F4C30 /* Debug */ = {
			isa = XCBuildConfiguration;
			buildSettings = {
				ALWAYS_EMBED_SWIFT_STANDARD_LIBRARIES = YES;
				BUNDLE_LOADER = "$(TEST_HOST)";
				CODE_SIGN_STYLE = Automatic;
				DEVELOPMENT_TEAM = P2KT22XX55;
				INFOPLIST_FILE = "JSON parsing of heterogeneous arraysTests/Info.plist";
				LD_RUNPATH_SEARCH_PATHS = (
					"$(inherited)",
					"@executable_path/Frameworks",
					"@loader_path/Frameworks",
				);
				PRODUCT_BUNDLE_IDENTIFIER = "ilabs.JSON-parsing-of-heterogeneous-arraysTests";
				PRODUCT_NAME = "$(TARGET_NAME)";
				SWIFT_VERSION = 4.2;
				TARGETED_DEVICE_FAMILY = "1,2";
				TEST_HOST = "$(BUILT_PRODUCTS_DIR)/JSON parsing of heterogeneous arrays.app/JSON parsing of heterogeneous arrays";
			};
			name = Debug;
		};
		A4A8D172219D7CBB006F4C30 /* Release */ = {
			isa = XCBuildConfiguration;
			buildSettings = {
				ALWAYS_EMBED_SWIFT_STANDARD_LIBRARIES = YES;
				BUNDLE_LOADER = "$(TEST_HOST)";
				CODE_SIGN_STYLE = Automatic;
				DEVELOPMENT_TEAM = P2KT22XX55;
				INFOPLIST_FILE = "JSON parsing of heterogeneous arraysTests/Info.plist";
				LD_RUNPATH_SEARCH_PATHS = (
					"$(inherited)",
					"@executable_path/Frameworks",
					"@loader_path/Frameworks",
				);
				PRODUCT_BUNDLE_IDENTIFIER = "ilabs.JSON-parsing-of-heterogeneous-arraysTests";
				PRODUCT_NAME = "$(TARGET_NAME)";
				SWIFT_VERSION = 4.2;
				TARGETED_DEVICE_FAMILY = "1,2";
				TEST_HOST = "$(BUILT_PRODUCTS_DIR)/JSON parsing of heterogeneous arrays.app/JSON parsing of heterogeneous arrays";
			};
			name = Release;
		};
/* End XCBuildConfiguration section */

/* Begin XCConfigurationList section */
		A4A8D14B219D7CB9006F4C30 /* Build configuration list for PBXProject "JSON parsing of heterogeneous arrays" */ = {
			isa = XCConfigurationList;
			buildConfigurations = (
				A4A8D16B219D7CBB006F4C30 /* Debug */,
				A4A8D16C219D7CBB006F4C30 /* Release */,
			);
			defaultConfigurationIsVisible = 0;
			defaultConfigurationName = Release;
		};
		A4A8D16D219D7CBB006F4C30 /* Build configuration list for PBXNativeTarget "JSON parsing of heterogeneous arrays" */ = {
			isa = XCConfigurationList;
			buildConfigurations = (
				A4A8D16E219D7CBB006F4C30 /* Debug */,
				A4A8D16F219D7CBB006F4C30 /* Release */,
			);
			defaultConfigurationIsVisible = 0;
			defaultConfigurationName = Release;
		};
		A4A8D170219D7CBB006F4C30 /* Build configuration list for PBXNativeTarget "JSON parsing of heterogeneous arraysTests" */ = {
			isa = XCConfigurationList;
			buildConfigurations = (
				A4A8D171219D7CBB006F4C30 /* Debug */,
				A4A8D172219D7CBB006F4C30 /* Release */,
			);
			defaultConfigurationIsVisible = 0;
			defaultConfigurationName = Release;
		};
/* End XCConfigurationList section */
	};
	rootObject = A4A8D148219D7CB9006F4C30 /* Project object */;
}
